<?xml version="1.0" encoding="UTF-8"?>
<CONFIG>
  <ProjectOptions>
    <Version Value="12"/>
    <General>
      <AutoCreateForms Value="False"/>
      <Title Value="vPlotter Client"/>
      <Scaled Value="True"/>
      <ResourceType Value="res"/>
      <UseXPManifest Value="True"/>
      <XPManifest>
        <DpiAware Value="True"/>
      </XPManifest>
      <Icon Value="0"/>
    </General>
    <BuildModes Active="Release">
      <Item Name="Release" Default="True"/>
      <Item Name="Debug">
        <CompilerOptions>
          <Version Value="11"/>
          <Target>
            <Filename Value="build/$(TargetCPU)-$(TargetOS)/bin/vplot"/>
          </Target>
          <SearchPaths>
            <IncludeFiles Value="$(ProjOutDir);src"/>
            <OtherUnitFiles Value="src"/>
            <UnitOutputDirectory Value="build/$(TargetCPU)-$(TargetOS)/lib"/>
          </SearchPaths>
          <Parsing>
            <SyntaxOptions>
              <CStyleOperator Value="False"/>
              <IncludeAssertionCode Value="True"/>
              <AllowLabel Value="False"/>
              <CPPInline Value="False"/>
              <UseAnsiStrings Value="False"/>
            </SyntaxOptions>
          </Parsing>
          <CodeGeneration>
            <Checks>
              <IOChecks Value="True"/>
              <RangeChecks Value="True"/>
              <OverflowChecks Value="True"/>
              <StackChecks Value="True"/>
            </Checks>
            <VerifyObjMethodCallValidity Value="True"/>
            <Optimizations>
              <OptimizationLevel Value="0"/>
            </Optimizations>
          </CodeGeneration>
        </CompilerOptions>
      </Item>
    </BuildModes>
    <PublishOptions>
      <Version Value="2"/>
    </PublishOptions>
    <RunParams>
      <FormatVersion Value="2"/>
      <Modes>
        <Mode Name="default"/>
      </Modes>
    </RunParams>
    <RequiredPackages>
      <Item>
        <PackageName Value="LazControls"/>
      </Item>
      <Item>
        <PackageName Value="bgracontrols"/>
      </Item>
      <Item>
        <PackageName Value="BGRABitmapPack"/>
      </Item>
      <Item>
        <PackageName Value="LCL"/>
      </Item>
    </RequiredPackages>
    <Units>
      <Unit>
        <Filename Value="vplot.lpr"/>
        <IsPartOfProject Value="True"/>
        <CursorPos X="48" Y="23"/>
        <UsageCount Value="200"/>
        <Loaded Value="True"/>
      </Unit>
      <Unit>
        <Filename Value="src/propertiesfrm.pas"/>
        <ComponentName Value="propertiesform"/>
        <HasResources Value="True"/>
        <ResourceBaseClass Value="Form"/>
        <EditorIndex Value="-1"/>
        <TopLine Value="11"/>
        <CursorPos X="64" Y="20"/>
        <UsageCount Value="192"/>
      </Unit>
      <Unit>
        <Filename Value="src/vpcoder.pas"/>
        <EditorIndex Value="-1"/>
        <CursorPos X="6" Y="24"/>
        <UsageCount Value="136"/>
      </Unit>
      <Unit>
        <Filename Value="src/view.pas"/>
        <ComponentName Value="previewform"/>
        <HasResources Value="True"/>
        <ResourceBaseClass Value="Form"/>
        <EditorIndex Value="-1"/>
        <TopLine Value="15"/>
        <CursorPos X="33" Y="43"/>
        <UsageCount Value="8"/>
      </Unit>
      <Unit>
        <Filename Value="../fpc/source/rtl/objpas/classes/classesh.inc"/>
        <EditorIndex Value="-1"/>
        <TopLine Value="1553"/>
        <CursorPos X="3" Y="1573"/>
        <UsageCount Value="2"/>
      </Unit>
      <Unit>
        <Filename Value="../fpc/source/rtl/inc/mathh.inc"/>
        <EditorIndex Value="-1"/>
        <TopLine Value="72"/>
        <CursorPos X="14" Y="98"/>
        <UsageCount Value="6"/>
      </Unit>
      <Unit>
        <Filename Value="../../lazarus/lcl/controls.pp"/>
        <UnitName Value="Controls"/>
        <EditorIndex Value="-1"/>
        <TopLine Value="2300"/>
        <CursorPos X="14" Y="2321"/>
        <UsageCount Value="6"/>
      </Unit>
      <Unit>
        <Filename Value="../../lazarus/lcl/forms.pp"/>
        <UnitName Value="Forms"/>
        <EditorIndex Value="-1"/>
        <TopLine Value="49"/>
        <CursorPos X="52" Y="56"/>
        <UsageCount Value="7"/>
      </Unit>
      <Unit>
        <Filename Value="../../fpc/source/packages/fcl-image/src/fpcanvas.pp"/>
        <UnitName Value="FPCanvas"/>
        <EditorIndex Value="-1"/>
        <TopLine Value="327"/>
        <CursorPos X="15" Y="347"/>
        <UsageCount Value="6"/>
      </Unit>
      <Unit>
        <Filename Value="../../lazarus/lcl/extctrls.pp"/>
        <UnitName Value="ExtCtrls"/>
        <EditorIndex Value="-1"/>
        <TopLine Value="429"/>
        <CursorPos X="14" Y="447"/>
        <UsageCount Value="6"/>
      </Unit>
      <Unit>
        <Filename Value="src/wiringpi.pas"/>
        <EditorIndex Value="-1"/>
        <TopLine Value="137"/>
        <CursorPos X="94" Y="164"/>
        <UsageCount Value="10"/>
      </Unit>
      <Unit>
        <Filename Value="src/initform.pas"/>
        <ComponentName Value="Form1"/>
        <HasResources Value="True"/>
        <ResourceBaseClass Value="Form"/>
        <EditorIndex Value="-1"/>
        <CursorPos X="39" Y="42"/>
        <UsageCount Value="1"/>
      </Unit>
      <Unit>
        <Filename Value="build/arm-linux/lib/main.lrs"/>
        <EditorIndex Value="-1"/>
        <UsageCount Value="6"/>
      </Unit>
      <Unit>
        <Filename Value="../../fpc/source/rtl/unix/tthread.inc"/>
        <EditorIndex Value="-1"/>
        <TopLine Value="208"/>
        <CursorPos X="3" Y="210"/>
        <UsageCount Value="7"/>
      </Unit>
      <Unit>
        <Filename Value="src/initfrm.pas"/>
        <ComponentName Value="initform"/>
        <HasResources Value="True"/>
        <ResourceBaseClass Value="Form"/>
        <EditorIndex Value="-1"/>
        <CursorPos X="43" Y="21"/>
        <UsageCount Value="8"/>
      </Unit>
      <Unit>
        <Filename Value="vplotserver.lpr"/>
        <EditorIndex Value="-1"/>
        <TopLine Value="67"/>
        <CursorPos X="22" Y="91"/>
        <UsageCount Value="7"/>
      </Unit>
      <Unit>
        <Filename Value="src/gcodewriter.pas"/>
        <EditorIndex Value="-1"/>
        <FoldState Value=" T0jK624c"/>
        <UsageCount Value="78"/>
      </Unit>
      <Unit>
        <Filename Value="src/vpdriver.pas"/>
        <IsPartOfProject Value="True"/>
        <EditorIndex Value="2"/>
        <TopLine Value="363"/>
        <CursorPos X="58" Y="388"/>
        <UsageCount Value="200"/>
        <Loaded Value="True"/>
      </Unit>
      <Unit>
        <Filename Value="src/vpsetting.pas"/>
        <IsPartOfProject Value="True"/>
        <EditorIndex Value="12"/>
        <CursorPos X="26" Y="4"/>
        <UsageCount Value="200"/>
        <Loaded Value="True"/>
      </Unit>
      <Unit>
        <Filename Value="FPC/3.0.4/source/rtl/objpas/types.pp"/>
        <UnitName Value="Types"/>
        <EditorIndex Value="-1"/>
        <TopLine Value="61"/>
        <CursorPos X="3" Y="79"/>
        <UsageCount Value="7"/>
      </Unit>
      <Unit>
        <Filename Value="../lazarus/components/fpvectorial/dxfvectorialreader.pas"/>
        <EditorIndex Value="-1"/>
        <TopLine Value="1146"/>
        <CursorPos Y="1191"/>
        <UsageCount Value="6"/>
      </Unit>
      <Unit>
        <Filename Value="src/viewfrm.pas"/>
        <ComponentName Value="viewform"/>
        <HasResources Value="True"/>
        <ResourceBaseClass Value="Form"/>
        <EditorIndex Value="-1"/>
        <TopLine Value="17"/>
        <CursorPos X="37" Y="23"/>
        <UsageCount Value="42"/>
      </Unit>
      <Unit>
        <Filename Value="src/vppaths.pas"/>
        <IsPartOfProject Value="True"/>
        <EditorIndex Value="1"/>
        <TopLine Value="319"/>
        <CursorPos X="26" Y="4"/>
        <UsageCount Value="200"/>
        <Loaded Value="True"/>
      </Unit>
      <Unit>
        <Filename Value="../lazarus/lcl/controls.pp"/>
        <UnitName Value="Controls"/>
        <EditorIndex Value="-1"/>
        <TopLine Value="173"/>
        <CursorPos X="10" Y="178"/>
        <UsageCount Value="4"/>
      </Unit>
      <Unit>
        <Filename Value="src/aboutfrm.pas"/>
        <IsPartOfProject Value="True"/>
        <ComponentName Value="taboutform"/>
        <HasResources Value="True"/>
        <ResourceBaseClass Value="Form"/>
        <EditorIndex Value="8"/>
        <CursorPos X="77" Y="8"/>
        <UsageCount Value="200"/>
        <Loaded Value="True"/>
        <LoadedDesigner Value="True"/>
      </Unit>
      <Unit>
        <Filename Value="src/vpsketch.pas"/>
        <EditorIndex Value="-1"/>
        <CursorPos X="45" Y="6"/>
        <UsageCount Value="136"/>
      </Unit>
      <Unit>
        <Filename Value="../fpc/source/rtl/objpas/math.pp"/>
        <EditorIndex Value="-1"/>
        <TopLine Value="288"/>
        <CursorPos X="11" Y="312"/>
        <UsageCount Value="7"/>
      </Unit>
      <Unit>
        <Filename Value="src/vpmath.pas"/>
        <IsPartOfProject Value="True"/>
        <EditorIndex Value="5"/>
        <CursorPos X="31" Y="169"/>
        <UsageCount Value="200"/>
        <Loaded Value="True"/>
      </Unit>
      <Unit>
        <Filename Value="src/vpwave.pas"/>
        <IsPartOfProject Value="True"/>
        <EditorIndex Value="13"/>
        <TopLine Value="37"/>
        <CursorPos X="28" Y="200"/>
        <UsageCount Value="200"/>
        <Loaded Value="True"/>
      </Unit>
      <Unit>
        <Filename Value="../lazarus/lcl/graphics.pp"/>
        <UnitName Value="Graphics"/>
        <EditorIndex Value="-1"/>
        <TopLine Value="229"/>
        <CursorPos X="9" Y="251"/>
        <UsageCount Value="3"/>
      </Unit>
      <Unit>
        <Filename Value="../lazarus/components/lazutils/graphtype.pp"/>
        <UnitName Value="GraphType"/>
        <EditorIndex Value="-1"/>
        <TopLine Value="145"/>
        <CursorPos X="3" Y="35"/>
        <UsageCount Value="4"/>
      </Unit>
      <Unit>
        <Filename Value="../fpc/source/rtl/objpas/sysutils/sysstrh.inc"/>
        <EditorIndex Value="-1"/>
        <TopLine Value="90"/>
        <CursorPos X="10" Y="114"/>
        <UsageCount Value="6"/>
      </Unit>
      <Unit>
        <Filename Value="../lazarus/components/aggpas/src/agg_curves.pas"/>
        <EditorIndex Value="-1"/>
        <TopLine Value="31"/>
        <CursorPos X="23" Y="2"/>
        <UsageCount Value="6"/>
        <DefaultSyntaxHighlighter Value="Delphi"/>
      </Unit>
      <Unit>
        <Filename Value="src/vpgcode.pas"/>
        <EditorIndex Value="-1"/>
        <TopLine Value="25"/>
        <CursorPos X="26" Y="4"/>
        <UsageCount Value="42"/>
      </Unit>
      <Unit>
        <Filename Value="usr/share/fpcsrc/3.0.4/rtl/objpas/sysutils/osutilsh.inc"/>
        <EditorIndex Value="-1"/>
        <CursorPos X="43" Y="17"/>
        <UsageCount Value="7"/>
      </Unit>
      <Unit>
        <Filename Value="usr/share/fpcsrc/3.0.4/packages/fcl-image/src/fpimage.pp"/>
        <UnitName Value="FPimage"/>
        <EditorIndex Value="-1"/>
        <TopLine Value="91"/>
        <CursorPos X="17" Y="114"/>
        <UsageCount Value="4"/>
      </Unit>
      <Unit>
        <Filename Value="src/vpdxfreader.pas"/>
        <IsPartOfProject Value="True"/>
        <EditorIndex Value="10"/>
        <TopLine Value="1185"/>
        <CursorPos X="46" Y="1218"/>
        <UsageCount Value="230"/>
        <Loaded Value="True"/>
      </Unit>
      <Unit>
        <Filename Value="../lazarus/lcl/include/control.inc"/>
        <EditorIndex Value="-1"/>
        <TopLine Value="5063"/>
        <CursorPos X="3" Y="5068"/>
        <UsageCount Value="7"/>
      </Unit>
      <Unit>
        <Filename Value="src/sketchyimage.pas"/>
        <EditorIndex Value="-1"/>
        <TopLine Value="241"/>
        <CursorPos X="62" Y="258"/>
        <UsageCount Value="64"/>
      </Unit>
      <Unit>
        <Filename Value="../../.lazarus/onlinepackagemanager/packages/bgrabitmap-master/bgrabitmap/bgrasvg.pas"/>
        <UnitName Value="BGRASVG"/>
        <EditorIndex Value="-1"/>
        <TopLine Value="142"/>
        <UsageCount Value="10"/>
      </Unit>
      <Unit>
        <Filename Value="../../.lazarus/onlinepackagemanager/packages/bgrabitmap-master/bgrabitmap/bgrasvgshapes.pas"/>
        <UnitName Value="BGRASVGShapes"/>
        <EditorIndex Value="-1"/>
        <TopLine Value="10"/>
        <CursorPos Y="80"/>
        <UsageCount Value="4"/>
      </Unit>
      <Unit>
        <Filename Value="../../.lazarus/onlinepackagemanager/packages/bgrabitmap-master/bgrabitmap/bgrasvgtype.pas"/>
        <UnitName Value="BGRASVGType"/>
        <EditorIndex Value="-1"/>
        <TopLine Value="209"/>
        <CursorPos X="3" Y="94"/>
        <UsageCount Value="4"/>
      </Unit>
      <Unit>
        <Filename Value="../../.lazarus/onlinepackagemanager/packages/bgrabitmap-master/bgrabitmap/bgratransform.pas"/>
        <UnitName Value="BGRATransform"/>
        <EditorIndex Value="-1"/>
        <TopLine Value="19"/>
        <CursorPos X="3" Y="27"/>
        <UsageCount Value="3"/>
      </Unit>
      <Unit>
        <Filename Value="../../.lazarus/onlinepackagemanager/packages/bgrabitmap-master/bgrabitmap/bgracanvas2d.pas"/>
        <UnitName Value="BGRACanvas2D"/>
        <EditorIndex Value="-1"/>
        <TopLine Value="201"/>
        <CursorPos X="15" Y="232"/>
        <UsageCount Value="7"/>
      </Unit>
      <Unit>
        <Filename Value="../../.lazarus/onlinepackagemanager/packages/bgrabitmap-master/bgrabitmap/bgravectorize.pas"/>
        <UnitName Value="BGRAVectorize"/>
        <EditorIndex Value="-1"/>
        <TopLine Value="25"/>
        <CursorPos X="3" Y="36"/>
        <UsageCount Value="10"/>
      </Unit>
      <Unit>
        <Filename Value="usr/share/fpcsrc/3.0.4/rtl/objpas/types.pp"/>
        <UnitName Value="Types"/>
        <EditorIndex Value="-1"/>
        <TopLine Value="93"/>
        <CursorPos X="3" Y="92"/>
        <UsageCount Value="2"/>
      </Unit>
      <Unit>
        <Filename Value="../../.lazarus/onlinepackagemanager/packages/bgrabitmap-master/bgrabitmap/bgralclbitmap.pas"/>
        <UnitName Value="BGRALCLBitmap"/>
        <EditorIndex Value="-1"/>
        <UsageCount Value="7"/>
      </Unit>
      <Unit>
        <Filename Value="../../.lazarus/onlinepackagemanager/packages/bgrabitmap-master/bgrabitmap/basiccolorspace.inc"/>
        <EditorIndex Value="-1"/>
        <UsageCount Value="7"/>
      </Unit>
      <Unit>
        <Filename Value="../../.lazarus/onlinepackagemanager/packages/bgrabitmap-master/bgrabitmap/bezier.inc"/>
        <EditorIndex Value="-1"/>
        <UsageCount Value="7"/>
      </Unit>
      <Unit>
        <Filename Value="../../.lazarus/onlinepackagemanager/packages/bgrabitmap-master/bgrabitmap/bglcontrols.lpk"/>
        <EditorIndex Value="-1"/>
        <UsageCount Value="7"/>
        <DefaultSyntaxHighlighter Value="XML"/>
      </Unit>
      <Unit>
        <Filename Value="../../.lazarus/onlinepackagemanager/packages/bgrabitmap-master/bgrabitmap/bglcontrols.pas"/>
        <UnitName Value="BGLControls"/>
        <EditorIndex Value="-1"/>
        <UsageCount Value="7"/>
      </Unit>
      <Unit>
        <Filename Value="../../.lazarus/onlinepackagemanager/packages/bgrabitmap-master/bgrabitmap/bglvirtualscreen.pas"/>
        <UnitName Value="BGLVirtualScreen"/>
        <EditorIndex Value="-1"/>
        <UsageCount Value="7"/>
      </Unit>
      <Unit>
        <Filename Value="../../.lazarus/onlinepackagemanager/packages/bgrabitmap-master/bgrabitmap/bglvirtualscreen_icon.lrs"/>
        <EditorIndex Value="-1"/>
        <UsageCount Value="7"/>
      </Unit>
      <Unit>
        <Filename Value="../../.lazarus/onlinepackagemanager/packages/bgrabitmap-master/bgrabitmap/bgraanimatedgif.pas"/>
        <UnitName Value="BGRAAnimatedGif"/>
        <EditorIndex Value="-1"/>
        <UsageCount Value="7"/>
      </Unit>
      <Unit>
        <Filename Value="../../.lazarus/onlinepackagemanager/packages/bgrabitmap-master/bgrabitmap/bgraarrow.pas"/>
        <UnitName Value="BGRAArrow"/>
        <EditorIndex Value="-1"/>
        <UsageCount Value="7"/>
      </Unit>
      <Unit>
        <Filename Value="../../.lazarus/onlinepackagemanager/packages/bgrabitmap-master/bgrabitmap/bgrabitmap.inc"/>
        <EditorIndex Value="-1"/>
        <UsageCount Value="7"/>
      </Unit>
      <Unit>
        <Filename Value="../../.lazarus/onlinepackagemanager/packages/bgrabitmap-master/bgrabitmap/bgrabitmappack.lpk"/>
        <EditorIndex Value="-1"/>
        <UsageCount Value="7"/>
        <DefaultSyntaxHighlighter Value="XML"/>
      </Unit>
      <Unit>
        <Filename Value="../../.lazarus/onlinepackagemanager/packages/bgrabitmap-master/bgrabitmap/bgrabitmappack.pas"/>
        <UnitName Value="BGRABitmapPack"/>
        <EditorIndex Value="-1"/>
        <UsageCount Value="7"/>
      </Unit>
      <Unit>
        <Filename Value="../../.lazarus/onlinepackagemanager/packages/bgrabitmap-master/bgrabitmap/bgrabitmappack4fpgui.lpk"/>
        <EditorIndex Value="-1"/>
        <UsageCount Value="7"/>
        <DefaultSyntaxHighlighter Value="XML"/>
      </Unit>
      <Unit>
        <Filename Value="../../.lazarus/onlinepackagemanager/packages/bgrabitmap-master/bgrabitmap/bgrabitmappack4fpgui.pas"/>
        <UnitName Value="BGRABitmapPack4fpGUI"/>
        <EditorIndex Value="-1"/>
        <UsageCount Value="7"/>
      </Unit>
      <Unit>
        <Filename Value="../../.lazarus/onlinepackagemanager/packages/bgrabitmap-master/bgrabitmap/bgrabitmappack4nogui.lpk"/>
        <EditorIndex Value="-1"/>
        <UsageCount Value="7"/>
        <DefaultSyntaxHighlighter Value="XML"/>
      </Unit>
      <Unit>
        <Filename Value="../../.lazarus/onlinepackagemanager/packages/bgrabitmap-master/bgrabitmap/bgrabitmappack4nogui.pas"/>
        <UnitName Value="BGRABitmapPack4NoGUI"/>
        <EditorIndex Value="-1"/>
        <UsageCount Value="7"/>
      </Unit>
      <Unit>
        <Filename Value="../../.lazarus/onlinepackagemanager/packages/bgrabitmap-master/bgrabitmap/bgrablend.pas"/>
        <UnitName Value="BGRABlend"/>
        <EditorIndex Value="-1"/>
        <UsageCount Value="7"/>
      </Unit>
      <Unit>
        <Filename Value="../../.lazarus/onlinepackagemanager/packages/bgrabitmap-master/bgrabitmap/bgrablurgl.pas"/>
        <UnitName Value="BGRABlurGL"/>
        <EditorIndex Value="-1"/>
        <UsageCount Value="7"/>
      </Unit>
      <Unit>
        <Filename Value="../../.lazarus/onlinepackagemanager/packages/bgrabitmap-master/bgrabitmap/bgracanvas.pas"/>
        <UnitName Value="BGRACanvas"/>
        <EditorIndex Value="-1"/>
        <UsageCount Value="7"/>
      </Unit>
      <Unit>
        <Filename Value="../../.lazarus/onlinepackagemanager/packages/bgrabitmap-master/bgrabitmap/bgracanvasgl.pas"/>
        <UnitName Value="BGRACanvasGL"/>
        <EditorIndex Value="-1"/>
        <UsageCount Value="7"/>
      </Unit>
      <Unit>
        <Filename Value="../../.lazarus/onlinepackagemanager/packages/bgrabitmap-master/bgrabitmap/bgracolorint.pas"/>
        <UnitName Value="BGRAColorInt"/>
        <EditorIndex Value="-1"/>
        <UsageCount Value="7"/>
      </Unit>
      <Unit>
        <Filename Value="../../.lazarus/onlinepackagemanager/packages/bgrabitmap-master/bgrabitmap/bgracolorquantization.pas"/>
        <UnitName Value="BGRAColorQuantization"/>
        <EditorIndex Value="-1"/>
        <UsageCount Value="7"/>
      </Unit>
      <Unit>
        <Filename Value="../../.lazarus/onlinepackagemanager/packages/bgrabitmap-master/bgrabitmap/bgracolorspace.pas"/>
        <UnitName Value="BGRAColorspace"/>
        <EditorIndex Value="-1"/>
        <UsageCount Value="7"/>
      </Unit>
      <Unit>
        <Filename Value="../../.lazarus/onlinepackagemanager/packages/bgrabitmap-master/bgrabitmap/bgracompressablebitmap.pas"/>
        <UnitName Value="BGRACompressableBitmap"/>
        <EditorIndex Value="-1"/>
        <UsageCount Value="7"/>
      </Unit>
      <Unit>
        <Filename Value="../../.lazarus/onlinepackagemanager/packages/bgrabitmap-master/bgrabitmap/bgracoordpool3d.pas"/>
        <UnitName Value="BGRACoordPool3D"/>
        <EditorIndex Value="-1"/>
        <UsageCount Value="7"/>
      </Unit>
      <Unit>
        <Filename Value="../../.lazarus/onlinepackagemanager/packages/bgrabitmap-master/bgrabitmap/bgracustomtextfx.pas"/>
        <UnitName Value="BGRACustomTextFX"/>
        <EditorIndex Value="-1"/>
        <UsageCount Value="7"/>
      </Unit>
      <Unit>
        <Filename Value="../../.lazarus/onlinepackagemanager/packages/bgrabitmap-master/bgrabitmap/bgradithering.pas"/>
        <UnitName Value="BGRADithering"/>
        <EditorIndex Value="-1"/>
        <UsageCount Value="7"/>
      </Unit>
      <Unit>
        <Filename Value="../../.lazarus/onlinepackagemanager/packages/bgrabitmap-master/bgrabitmap/bgradnetdeserial.pas"/>
        <UnitName Value="BGRADNetDeserial"/>
        <EditorIndex Value="-1"/>
        <UsageCount Value="7"/>
      </Unit>
      <Unit>
        <Filename Value="../../.lazarus/onlinepackagemanager/packages/bgrabitmap-master/bgrabitmap/bgrafillinfo.pas"/>
        <UnitName Value="BGRAFillInfo"/>
        <EditorIndex Value="-1"/>
        <UsageCount Value="7"/>
      </Unit>
      <Unit>
        <Filename Value="../../.lazarus/onlinepackagemanager/packages/bgrabitmap-master/bgrabitmap/bgrafilterblur.pas"/>
        <UnitName Value="BGRAFilterBlur"/>
        <EditorIndex Value="-1"/>
        <UsageCount Value="7"/>
      </Unit>
      <Unit>
        <Filename Value="../../.lazarus/onlinepackagemanager/packages/bgrabitmap-master/bgrabitmap/bgrafilters.pas"/>
        <UnitName Value="BGRAFilters"/>
        <EditorIndex Value="-1"/>
        <UsageCount Value="7"/>
      </Unit>
      <Unit>
        <Filename Value="../../.lazarus/onlinepackagemanager/packages/bgrabitmap-master/bgrabitmap/bgrafilterscanner.pas"/>
        <UnitName Value="BGRAFilterScanner"/>
        <EditorIndex Value="-1"/>
        <UsageCount Value="7"/>
      </Unit>
      <Unit>
        <Filename Value="../../.lazarus/onlinepackagemanager/packages/bgrabitmap-master/bgrabitmap/bgrafiltertype.pas"/>
        <UnitName Value="BGRAFilterType"/>
        <EditorIndex Value="-1"/>
        <UsageCount Value="7"/>
      </Unit>
      <Unit>
        <Filename Value="../../.lazarus/onlinepackagemanager/packages/bgrabitmap-master/bgrabitmap/bgrafontgl.pas"/>
        <UnitName Value="BGRAFontGL"/>
        <EditorIndex Value="-1"/>
        <UsageCount Value="7"/>
      </Unit>
      <Unit>
        <Filename Value="../../.lazarus/onlinepackagemanager/packages/bgrabitmap-master/bgrabitmap/bgrafpgui.inc"/>
        <EditorIndex Value="-1"/>
        <UsageCount Value="7"/>
      </Unit>
      <Unit>
        <Filename Value="../../.lazarus/onlinepackagemanager/packages/bgrabitmap-master/bgrabitmap/bgrafpguibitmap.pas"/>
        <UnitName Value="BGRAfpGUIBitmap"/>
        <EditorIndex Value="-1"/>
        <UsageCount Value="7"/>
      </Unit>
      <Unit>
        <Filename Value="../../.lazarus/onlinepackagemanager/packages/bgrabitmap-master/bgrabitmap/bgrafreetype.pas"/>
        <UnitName Value="BGRAFreeType"/>
        <EditorIndex Value="-1"/>
        <UsageCount Value="7"/>
      </Unit>
      <Unit>
        <Filename Value="../../.lazarus/onlinepackagemanager/packages/bgrabitmap-master/bgrabitmap/bgragifformat.pas"/>
        <UnitName Value="BGRAGifFormat"/>
        <EditorIndex Value="-1"/>
        <UsageCount Value="7"/>
      </Unit>
      <Unit>
        <Filename Value="../../.lazarus/onlinepackagemanager/packages/bgrabitmap-master/bgrabitmap/bgragradientoriginal.pas"/>
        <UnitName Value="BGRAGradientOriginal"/>
        <EditorIndex Value="-1"/>
        <UsageCount Value="7"/>
      </Unit>
      <Unit>
        <Filename Value="../../.lazarus/onlinepackagemanager/packages/bgrabitmap-master/bgrabitmap/bgragradients.pas"/>
        <UnitName Value="BGRAGradients"/>
        <EditorIndex Value="-1"/>
        <UsageCount Value="7"/>
      </Unit>
      <Unit>
        <Filename Value="../../.lazarus/onlinepackagemanager/packages/bgrabitmap-master/bgrabitmap/bgragradientscanner.pas"/>
        <UnitName Value="BGRAGradientScanner"/>
        <EditorIndex Value="-1"/>
        <TopLine Value="292"/>
        <CursorPos X="3" Y="116"/>
        <UsageCount Value="3"/>
      </Unit>
      <Unit>
        <Filename Value="../../.lazarus/onlinepackagemanager/packages/bgrabitmap-master/bgrabitmap/bgragrayscalemask.pas"/>
        <UnitName Value="BGRAGrayscaleMask"/>
        <EditorIndex Value="-1"/>
        <UsageCount Value="7"/>
      </Unit>
      <Unit>
        <Filename Value="../../.lazarus/onlinepackagemanager/packages/bgrabitmap-master/bgrabitmap/bgraiconcursor.pas"/>
        <UnitName Value="BGRAIconCursor"/>
        <EditorIndex Value="-1"/>
        <UsageCount Value="7"/>
      </Unit>
      <Unit>
        <Filename Value="../../.lazarus/onlinepackagemanager/packages/bgrabitmap-master/bgrabitmap/bgralayeroriginal.pas"/>
        <UnitName Value="BGRALayerOriginal"/>
        <EditorIndex Value="-1"/>
        <UsageCount Value="7"/>
      </Unit>
      <Unit>
        <Filename Value="../../.lazarus/onlinepackagemanager/packages/bgrabitmap-master/bgrabitmap/bgralayers.pas"/>
        <UnitName Value="BGRALayers"/>
        <EditorIndex Value="-1"/>
        <UsageCount Value="7"/>
      </Unit>
      <Unit>
        <Filename Value="../../.lazarus/onlinepackagemanager/packages/bgrabitmap-master/bgrabitmap/bgralazpaint.pas"/>
        <UnitName Value="BGRALazPaint"/>
        <EditorIndex Value="-1"/>
        <UsageCount Value="7"/>
      </Unit>
      <Unit>
        <Filename Value="../../.lazarus/onlinepackagemanager/packages/bgrabitmap-master/bgrabitmap/bgralazresource.pas"/>
        <UnitName Value="BGRALazResource"/>
        <EditorIndex Value="-1"/>
        <UsageCount Value="7"/>
      </Unit>
      <Unit>
        <Filename Value="../../.lazarus/onlinepackagemanager/packages/bgrabitmap-master/bgrabitmap/bgralzpcommon.pas"/>
        <UnitName Value="BGRALzpCommon"/>
        <EditorIndex Value="-1"/>
        <UsageCount Value="7"/>
      </Unit>
      <Unit>
        <Filename Value="../../.lazarus/onlinepackagemanager/packages/bgrabitmap-master/bgrabitmap/bgramacbitmap.pas"/>
        <UnitName Value="BGRAMacBitmap"/>
        <EditorIndex Value="-1"/>
        <UsageCount Value="7"/>
      </Unit>
      <Unit>
        <Filename Value="../../.lazarus/onlinepackagemanager/packages/bgrabitmap-master/bgrabitmap/bgramatrix3d.pas"/>
        <UnitName Value="BGRAMatrix3D"/>
        <EditorIndex Value="-1"/>
        <UsageCount Value="7"/>
      </Unit>
      <Unit>
        <Filename Value="../../.lazarus/onlinepackagemanager/packages/bgrabitmap-master/bgrabitmap/bgramemdirectory.pas"/>
        <UnitName Value="BGRAMemDirectory"/>
        <EditorIndex Value="-1"/>
        <UsageCount Value="7"/>
      </Unit>
      <Unit>
        <Filename Value="../../.lazarus/onlinepackagemanager/packages/bgrabitmap-master/bgrabitmap/bgramultifiletype.pas"/>
        <UnitName Value="BGRAMultiFileType"/>
        <EditorIndex Value="-1"/>
        <UsageCount Value="7"/>
      </Unit>
      <Unit>
        <Filename Value="../../.lazarus/onlinepackagemanager/packages/bgrabitmap-master/bgrabitmap/bgranogui.inc"/>
        <EditorIndex Value="-1"/>
        <UsageCount Value="7"/>
      </Unit>
      <Unit>
        <Filename Value="../../.lazarus/onlinepackagemanager/packages/bgrabitmap-master/bgrabitmap/bgranoguibitmap.pas"/>
        <UnitName Value="BGRANoGUIBitmap"/>
        <EditorIndex Value="-1"/>
        <UsageCount Value="7"/>
      </Unit>
      <Unit>
        <Filename Value="../../.lazarus/onlinepackagemanager/packages/bgrabitmap-master/bgrabitmap/bgraopengl.pas"/>
        <UnitName Value="BGRAOpenGL"/>
        <EditorIndex Value="-1"/>
        <UsageCount Value="7"/>
      </Unit>
      <Unit>
        <Filename Value="../../.lazarus/onlinepackagemanager/packages/bgrabitmap-master/bgrabitmap/bgraopengl3d.pas"/>
        <UnitName Value="BGRAOpenGL3D"/>
        <EditorIndex Value="-1"/>
        <UsageCount Value="7"/>
      </Unit>
      <Unit>
        <Filename Value="../../.lazarus/onlinepackagemanager/packages/bgrabitmap-master/bgrabitmap/bgraopengltype.pas"/>
        <UnitName Value="BGRAOpenGLType"/>
        <EditorIndex Value="-1"/>
        <UsageCount Value="7"/>
      </Unit>
      <Unit>
        <Filename Value="../../.lazarus/onlinepackagemanager/packages/bgrabitmap-master/bgrabitmap/bgraopenraster.pas"/>
        <UnitName Value="BGRAOpenRaster"/>
        <EditorIndex Value="-1"/>
        <UsageCount Value="7"/>
      </Unit>
      <Unit>
        <Filename Value="../../.lazarus/onlinepackagemanager/packages/bgrabitmap-master/bgrabitmap/bgrapaintnet.pas"/>
        <UnitName Value="BGRAPaintNet"/>
        <EditorIndex Value="-1"/>
        <UsageCount Value="7"/>
      </Unit>
      <Unit>
        <Filename Value="../../.lazarus/onlinepackagemanager/packages/bgrabitmap-master/bgrabitmap/bgrapalette.pas"/>
        <UnitName Value="BGRAPalette"/>
        <EditorIndex Value="-1"/>
        <UsageCount Value="7"/>
      </Unit>
      <Unit>
        <Filename Value="../../.lazarus/onlinepackagemanager/packages/bgrabitmap-master/bgrabitmap/bgrapen.pas"/>
        <UnitName Value="BGRAPen"/>
        <EditorIndex Value="-1"/>
        <UsageCount Value="7"/>
      </Unit>
      <Unit>
        <Filename Value="../../.lazarus/onlinepackagemanager/packages/bgrabitmap-master/bgrabitmap/bgraphongtypes.pas"/>
        <UnitName Value="BGRAPhongTypes"/>
        <EditorIndex Value="-1"/>
        <UsageCount Value="7"/>
      </Unit>
      <Unit>
        <Filename Value="../../.lazarus/onlinepackagemanager/packages/bgrabitmap-master/bgrabitmap/bgraphoxo.pas"/>
        <UnitName Value="BGRAPhoxo"/>
        <EditorIndex Value="-1"/>
        <UsageCount Value="7"/>
      </Unit>
      <Unit>
        <Filename Value="../../.lazarus/onlinepackagemanager/packages/bgrabitmap-master/bgrabitmap/bgrapolygon.pas"/>
        <UnitName Value="BGRAPolygon"/>
        <EditorIndex Value="-1"/>
        <UsageCount Value="7"/>
      </Unit>
      <Unit>
        <Filename Value="../../.lazarus/onlinepackagemanager/packages/bgrabitmap-master/bgrabitmap/bgrapolygonaliased.pas"/>
        <UnitName Value="BGRAPolygonAliased"/>
        <EditorIndex Value="-1"/>
        <UsageCount Value="7"/>
      </Unit>
      <Unit>
        <Filename Value="../../.lazarus/onlinepackagemanager/packages/bgrabitmap-master/bgrabitmap/bgraqtbitmap.pas"/>
        <UnitName Value="BGRAQtBitmap"/>
        <EditorIndex Value="-1"/>
        <UsageCount Value="7"/>
      </Unit>
      <Unit>
        <Filename Value="../../.lazarus/onlinepackagemanager/packages/bgrabitmap-master/bgrabitmap/bgrareadbmp.pas"/>
        <UnitName Value="BGRAReadBMP"/>
        <EditorIndex Value="-1"/>
        <UsageCount Value="7"/>
      </Unit>
      <Unit>
        <Filename Value="../../.lazarus/onlinepackagemanager/packages/bgrabitmap-master/bgrabitmap/bgrareadbmpmiomap.pas"/>
        <UnitName Value="BGRAReadBmpMioMap"/>
        <EditorIndex Value="-1"/>
        <UsageCount Value="7"/>
      </Unit>
      <Unit>
        <Filename Value="../../.lazarus/onlinepackagemanager/packages/bgrabitmap-master/bgrabitmap/bgrareadgif.pas"/>
        <UnitName Value="BGRAReadGif"/>
        <EditorIndex Value="-1"/>
        <UsageCount Value="7"/>
      </Unit>
      <Unit>
        <Filename Value="../../.lazarus/onlinepackagemanager/packages/bgrabitmap-master/bgrabitmap/bgrareadico.pas"/>
        <UnitName Value="BGRAReadIco"/>
        <EditorIndex Value="-1"/>
        <UsageCount Value="7"/>
      </Unit>
      <Unit>
        <Filename Value="../../.lazarus/onlinepackagemanager/packages/bgrabitmap-master/bgrabitmap/bgrareadjpeg.pas"/>
        <UnitName Value="BGRAReadJpeg"/>
        <EditorIndex Value="-1"/>
        <UsageCount Value="7"/>
      </Unit>
      <Unit>
        <Filename Value="../../.lazarus/onlinepackagemanager/packages/bgrabitmap-master/bgrabitmap/bgrareadlzp.pas"/>
        <UnitName Value="BGRAReadLzp"/>
        <EditorIndex Value="-1"/>
        <UsageCount Value="7"/>
      </Unit>
      <Unit>
        <Filename Value="../../.lazarus/onlinepackagemanager/packages/bgrabitmap-master/bgrabitmap/bgrareadpcx.pas"/>
        <UnitName Value="BGRAReadPCX"/>
        <EditorIndex Value="-1"/>
        <UsageCount Value="7"/>
      </Unit>
      <Unit>
        <Filename Value="../../.lazarus/onlinepackagemanager/packages/bgrabitmap-master/bgrabitmap/bgrareadpng.pas"/>
        <UnitName Value="BGRAReadPng"/>
        <EditorIndex Value="-1"/>
        <UsageCount Value="7"/>
      </Unit>
      <Unit>
        <Filename Value="../../.lazarus/onlinepackagemanager/packages/bgrabitmap-master/bgrabitmap/bgrareadpsd.pas"/>
        <UnitName Value="BGRAReadPSD"/>
        <EditorIndex Value="-1"/>
        <UsageCount Value="7"/>
      </Unit>
      <Unit>
        <Filename Value="../../.lazarus/onlinepackagemanager/packages/bgrabitmap-master/bgrabitmap/bgrareadtga.pas"/>
        <UnitName Value="BGRAReadTGA"/>
        <EditorIndex Value="-1"/>
        <UsageCount Value="7"/>
      </Unit>
      <Unit>
        <Filename Value="../../.lazarus/onlinepackagemanager/packages/bgrabitmap-master/bgrabitmap/bgrareadtiff.pas"/>
        <UnitName Value="BGRAReadTiff"/>
        <EditorIndex Value="-1"/>
        <UsageCount Value="7"/>
      </Unit>
      <Unit>
        <Filename Value="../../.lazarus/onlinepackagemanager/packages/bgrabitmap-master/bgrabitmap/bgrareadxpm.pas"/>
        <UnitName Value="BGRAReadXPM"/>
        <EditorIndex Value="-1"/>
        <UsageCount Value="7"/>
      </Unit>
      <Unit>
        <Filename Value="../../.lazarus/onlinepackagemanager/packages/bgrabitmap-master/bgrabitmap/bgrarenderer3d.pas"/>
        <UnitName Value="BGRARenderer3D"/>
        <EditorIndex Value="-1"/>
        <UsageCount Value="7"/>
      </Unit>
      <Unit>
        <Filename Value="../../.lazarus/onlinepackagemanager/packages/bgrabitmap-master/bgrabitmap/bgraresample.pas"/>
        <UnitName Value="BGRAResample"/>
        <EditorIndex Value="-1"/>
        <UsageCount Value="7"/>
      </Unit>
      <Unit>
        <Filename Value="../../.lazarus/onlinepackagemanager/packages/bgrabitmap-master/bgrabitmap/bgrascene3d.pas"/>
        <UnitName Value="BGRAScene3D"/>
        <EditorIndex Value="-1"/>
        <UsageCount Value="7"/>
      </Unit>
      <Unit>
        <Filename Value="../../.lazarus/onlinepackagemanager/packages/bgrabitmap-master/bgrabitmap/bgrascenetypes.pas"/>
        <UnitName Value="BGRASceneTypes"/>
        <EditorIndex Value="-1"/>
        <UsageCount Value="7"/>
      </Unit>
      <Unit>
        <Filename Value="../../.lazarus/onlinepackagemanager/packages/bgrabitmap-master/bgrabitmap/bgraslicescaling.pas"/>
        <UnitName Value="BGRASliceScaling"/>
        <EditorIndex Value="-1"/>
        <UsageCount Value="7"/>
      </Unit>
      <Unit>
        <Filename Value="../../.lazarus/onlinepackagemanager/packages/bgrabitmap-master/bgrabitmap/bgraspritegl.pas"/>
        <UnitName Value="BGRASpriteGL"/>
        <EditorIndex Value="-1"/>
        <UsageCount Value="7"/>
      </Unit>
      <Unit>
        <Filename Value="../../.lazarus/onlinepackagemanager/packages/bgrabitmap-master/bgrabitmap/bgrasse.inc"/>
        <EditorIndex Value="-1"/>
        <UsageCount Value="7"/>
      </Unit>
      <Unit>
        <Filename Value="../../.lazarus/onlinepackagemanager/packages/bgrabitmap-master/bgrabitmap/bgrasse.pas"/>
        <UnitName Value="BGRASSE"/>
        <EditorIndex Value="-1"/>
        <UsageCount Value="7"/>
      </Unit>
      <Unit>
        <Filename Value="../../.lazarus/onlinepackagemanager/packages/bgrabitmap-master/bgrabitmap/bgrastreamlayers.pas"/>
        <UnitName Value="BGRAStreamLayers"/>
        <EditorIndex Value="-1"/>
        <UsageCount Value="7"/>
      </Unit>
      <Unit>
        <Filename Value="../../.lazarus/onlinepackagemanager/packages/bgrabitmap-master/bgrabitmap/bgrasvgoriginal.pas"/>
        <UnitName Value="BGRASVGOriginal"/>
        <EditorIndex Value="-1"/>
        <UsageCount Value="4"/>
      </Unit>
      <Unit>
        <Filename Value="../../.lazarus/onlinepackagemanager/packages/bgrabitmap-master/bgrabitmap/bgratextbidi.pas"/>
        <UnitName Value="BGRATextBidi"/>
        <EditorIndex Value="-1"/>
        <UsageCount Value="7"/>
      </Unit>
      <Unit>
        <Filename Value="../../.lazarus/onlinepackagemanager/packages/bgrabitmap-master/bgrabitmap/bgrathumbnail.pas"/>
        <UnitName Value="BGRAThumbnail"/>
        <EditorIndex Value="-1"/>
        <UsageCount Value="7"/>
      </Unit>
      <Unit>
        <Filename Value="../../.lazarus/onlinepackagemanager/packages/bgrabitmap-master/bgrabitmap/bgratypewriter.pas"/>
        <UnitName Value="BGRATypewriter"/>
        <EditorIndex Value="-1"/>
        <UsageCount Value="7"/>
      </Unit>
      <Unit>
        <Filename Value="../../.lazarus/onlinepackagemanager/packages/bgrabitmap-master/bgrabitmap/bgraunicode.pas"/>
        <UnitName Value="BGRAUnicode"/>
        <EditorIndex Value="-1"/>
        <UsageCount Value="7"/>
      </Unit>
      <Unit>
        <Filename Value="../../.lazarus/onlinepackagemanager/packages/bgrabitmap-master/bgrabitmap/bgrautf8.pas"/>
        <UnitName Value="BGRAUTF8"/>
        <EditorIndex Value="-1"/>
        <UsageCount Value="7"/>
      </Unit>
      <Unit>
        <Filename Value="../../.lazarus/onlinepackagemanager/packages/bgrabitmap-master/bgrabitmap/bgrawinbitmap.pas"/>
        <UnitName Value="BGRAWinBitmap"/>
        <EditorIndex Value="-1"/>
        <UsageCount Value="7"/>
      </Unit>
      <Unit>
        <Filename Value="../../.lazarus/onlinepackagemanager/packages/bgrabitmap-master/bgrabitmap/bgrawinresource.pas"/>
        <UnitName Value="BGRAWinResource"/>
        <EditorIndex Value="-1"/>
        <UsageCount Value="7"/>
      </Unit>
      <Unit>
        <Filename Value="../../.lazarus/onlinepackagemanager/packages/bgrabitmap-master/bgrabitmap/bgrawritebmpmiomap.pas"/>
        <UnitName Value="BGRAWriteBmpMioMap"/>
        <EditorIndex Value="-1"/>
        <UsageCount Value="7"/>
      </Unit>
      <Unit>
        <Filename Value="../../.lazarus/onlinepackagemanager/packages/bgrabitmap-master/bgrabitmap/bgrawritelzp.pas"/>
        <UnitName Value="BGRAWriteLzp"/>
        <EditorIndex Value="-1"/>
        <UsageCount Value="7"/>
      </Unit>
      <Unit>
        <Filename Value="../../.lazarus/onlinepackagemanager/packages/bgrabitmap-master/bgrabitmap/bgrawritepng.pas"/>
        <UnitName Value="BGRAWritePNG"/>
        <EditorIndex Value="-1"/>
        <UsageCount Value="7"/>
      </Unit>
      <Unit>
        <Filename Value="../../.lazarus/onlinepackagemanager/packages/bgrabitmap-master/bgrabitmap/blendpixelinline.inc"/>
        <EditorIndex Value="-1"/>
        <UsageCount Value="7"/>
      </Unit>
      <Unit>
        <Filename Value="../../.lazarus/onlinepackagemanager/packages/bgrabitmap-master/bgrabitmap/blendpixels.inc"/>
        <EditorIndex Value="-1"/>
        <UsageCount Value="7"/>
      </Unit>
      <Unit>
        <Filename Value="../../.lazarus/onlinepackagemanager/packages/bgrabitmap-master/bgrabitmap/blendpixelsover.inc"/>
        <EditorIndex Value="-1"/>
        <UsageCount Value="7"/>
      </Unit>
      <Unit>
        <Filename Value="../../.lazarus/onlinepackagemanager/packages/bgrabitmap-master/bgrabitmap/blurbox.inc"/>
        <EditorIndex Value="-1"/>
        <UsageCount Value="7"/>
      </Unit>
      <Unit>
        <Filename Value="../../.lazarus/onlinepackagemanager/packages/bgrabitmap-master/bgrabitmap/blurfast.inc"/>
        <EditorIndex Value="-1"/>
        <UsageCount Value="7"/>
      </Unit>
      <Unit>
        <Filename Value="../../.lazarus/onlinepackagemanager/packages/bgrabitmap-master/bgrabitmap/blurnormal.inc"/>
        <EditorIndex Value="-1"/>
        <UsageCount Value="7"/>
      </Unit>
      <Unit>
        <Filename Value="../../.lazarus/onlinepackagemanager/packages/bgrabitmap-master/bgrabitmap/csscolorconst.inc"/>
        <EditorIndex Value="-1"/>
        <CursorPos X="3" Y="14"/>
        <UsageCount Value="4"/>
      </Unit>
      <Unit>
        <Filename Value="../../.lazarus/onlinepackagemanager/packages/bgrabitmap-master/bgrabitmap/density256.inc"/>
        <EditorIndex Value="-1"/>
        <UsageCount Value="7"/>
      </Unit>
      <Unit>
        <Filename Value="../../.lazarus/onlinepackagemanager/packages/bgrabitmap-master/bgrabitmap/extendedcolorspace.inc"/>
        <EditorIndex Value="-1"/>
        <UsageCount Value="7"/>
      </Unit>
      <Unit>
        <Filename Value="../../.lazarus/onlinepackagemanager/packages/bgrabitmap-master/bgrabitmap/face3d.inc"/>
        <EditorIndex Value="-1"/>
        <UsageCount Value="7"/>
      </Unit>
      <Unit>
        <Filename Value="../../.lazarus/onlinepackagemanager/packages/bgrabitmap-master/bgrabitmap/generatedcolorspace.inc"/>
        <EditorIndex Value="-1"/>
        <UsageCount Value="7"/>
      </Unit>
      <Unit>
        <Filename Value="../../.lazarus/onlinepackagemanager/packages/bgrabitmap-master/bgrabitmap/lightingclasses3d.inc"/>
        <EditorIndex Value="-1"/>
        <UsageCount Value="7"/>
      </Unit>
      <Unit>
        <Filename Value="../../.lazarus/onlinepackagemanager/packages/bgrabitmap-master/bgrabitmap/lineartexscan.inc"/>
        <EditorIndex Value="-1"/>
        <UsageCount Value="7"/>
      </Unit>
      <Unit>
        <Filename Value="../../.lazarus/onlinepackagemanager/packages/bgrabitmap-master/bgrabitmap/lineartexscan2.inc"/>
        <EditorIndex Value="-1"/>
        <UsageCount Value="7"/>
      </Unit>
      <Unit>
        <Filename Value="../../.lazarus/onlinepackagemanager/packages/bgrabitmap-master/bgrabitmap/multishapeline.inc"/>
        <EditorIndex Value="-1"/>
        <UsageCount Value="7"/>
      </Unit>
      <Unit>
        <Filename Value="../../.lazarus/onlinepackagemanager/packages/bgrabitmap-master/bgrabitmap/object3d.inc"/>
        <EditorIndex Value="-1"/>
        <UsageCount Value="7"/>
      </Unit>
      <Unit>
        <Filename Value="../../.lazarus/onlinepackagemanager/packages/bgrabitmap-master/bgrabitmap/paletteformats.inc"/>
        <EditorIndex Value="-1"/>
        <UsageCount Value="7"/>
      </Unit>
      <Unit>
        <Filename Value="../../.lazarus/onlinepackagemanager/packages/bgrabitmap-master/bgrabitmap/part3d.inc"/>
        <EditorIndex Value="-1"/>
        <UsageCount Value="7"/>
      </Unit>
      <Unit>
        <Filename Value="../../.lazarus/onlinepackagemanager/packages/bgrabitmap-master/bgrabitmap/perspectivecolorscan.inc"/>
        <EditorIndex Value="-1"/>
        <UsageCount Value="7"/>
      </Unit>
      <Unit>
        <Filename Value="../../.lazarus/onlinepackagemanager/packages/bgrabitmap-master/bgrabitmap/perspectivescan.inc"/>
        <EditorIndex Value="-1"/>
        <UsageCount Value="7"/>
      </Unit>
      <Unit>
        <Filename Value="../../.lazarus/onlinepackagemanager/packages/bgrabitmap-master/bgrabitmap/perspectivescan2.inc"/>
        <EditorIndex Value="-1"/>
        <UsageCount Value="7"/>
      </Unit>
      <Unit>
        <Filename Value="../../.lazarus/onlinepackagemanager/packages/bgrabitmap-master/bgrabitmap/phongdraw.inc"/>
        <EditorIndex Value="-1"/>
        <UsageCount Value="7"/>
      </Unit>
      <Unit>
        <Filename Value="../../.lazarus/onlinepackagemanager/packages/bgrabitmap-master/bgrabitmap/phongdrawsse.inc"/>
        <EditorIndex Value="-1"/>
        <UsageCount Value="7"/>
      </Unit>
      <Unit>
        <Filename Value="../../.lazarus/onlinepackagemanager/packages/bgrabitmap-master/bgrabitmap/phonglight.inc"/>
        <EditorIndex Value="-1"/>
        <UsageCount Value="7"/>
      </Unit>
      <Unit>
        <Filename Value="../../.lazarus/onlinepackagemanager/packages/bgrabitmap-master/bgrabitmap/phonglightsse.inc"/>
        <EditorIndex Value="-1"/>
        <UsageCount Value="7"/>
      </Unit>
      <Unit>
        <Filename Value="../../.lazarus/onlinepackagemanager/packages/bgrabitmap-master/bgrabitmap/polyaliaspersp.inc"/>
        <EditorIndex Value="-1"/>
        <UsageCount Value="7"/>
      </Unit>
      <Unit>
        <Filename Value="../../.lazarus/onlinepackagemanager/packages/bgrabitmap-master/bgrabitmap/shapes3d.inc"/>
        <EditorIndex Value="-1"/>
        <UsageCount Value="7"/>
      </Unit>
      <Unit>
        <Filename Value="../../.lazarus/onlinepackagemanager/packages/bgrabitmap-master/bgrabitmap/unzipperext.pas"/>
        <UnitName Value="UnzipperExt"/>
        <EditorIndex Value="-1"/>
        <UsageCount Value="7"/>
      </Unit>
      <Unit>
        <Filename Value="../../.lazarus/onlinepackagemanager/packages/bgrabitmap-master/bgrabitmap/uunittest.pas"/>
        <UnitName Value="UUnitTest"/>
        <EditorIndex Value="-1"/>
        <UsageCount Value="7"/>
      </Unit>
      <Unit>
        <Filename Value="../../.lazarus/onlinepackagemanager/packages/bgrabitmap-master/bgrabitmap/vertex3d.inc"/>
        <EditorIndex Value="-1"/>
        <UsageCount Value="7"/>
      </Unit>
      <Unit>
        <Filename Value="src/calibrationfrm.pas"/>
        <ComponentName Value="calibrationform"/>
        <HasResources Value="True"/>
        <ResourceBaseClass Value="Form"/>
        <EditorIndex Value="-1"/>
        <TopLine Value="4"/>
        <CursorPos Y="67"/>
        <UsageCount Value="99"/>
      </Unit>
      <Unit>
        <Filename Value="src/scalefrm.pas"/>
        <ComponentName Value="scaleform"/>
        <HasResources Value="True"/>
        <ResourceBaseClass Value="Form"/>
        <EditorIndex Value="-1"/>
        <CursorPos X="26" Y="4"/>
        <UsageCount Value="104"/>
      </Unit>
      <Unit>
        <Filename Value="src/offsetfrm.pas"/>
        <ComponentName Value="offsetform"/>
        <HasResources Value="True"/>
        <ResourceBaseClass Value="Form"/>
        <EditorIndex Value="-1"/>
        <CursorPos X="37" Y="30"/>
        <UsageCount Value="103"/>
      </Unit>
      <Unit>
        <Filename Value="src/pagefrm.pas"/>
        <ComponentName Value="pageform"/>
        <HasResources Value="True"/>
        <ResourceBaseClass Value="Form"/>
        <EditorIndex Value="-1"/>
        <TopLine Value="62"/>
        <CursorPos X="50" Y="80"/>
        <UsageCount Value="10"/>
      </Unit>
      <Unit>
        <Filename Value="src/scalefrm.lfm"/>
        <EditorIndex Value="-1"/>
        <UsageCount Value="2"/>
        <DefaultSyntaxHighlighter Value="LFM"/>
      </Unit>
      <Unit>
        <Filename Value="src/pca9685.pas"/>
        <EditorIndex Value="-1"/>
        <TopLine Value="123"/>
        <CursorPos Y="137"/>
        <UsageCount Value="3"/>
      </Unit>
      <Unit>
        <Filename Value="src/offsetfrm.lfm"/>
        <EditorIndex Value="-1"/>
        <UsageCount Value="2"/>
        <DefaultSyntaxHighlighter Value="LFM"/>
      </Unit>
      <Unit>
        <Filename Value="src/mainfrm.lfm"/>
        <ComponentName Value="tmainform"/>
        <HasResources Value="True"/>
        <ResourceBaseClass Value="Form"/>
        <EditorIndex Value="-1"/>
        <TopLine Value="31"/>
        <CursorPos X="20" Y="52"/>
        <UsageCount Value="10"/>
        <DefaultSyntaxHighlighter Value="LFM"/>
      </Unit>
      <Unit>
        <Filename Value="src/calibrationfrm.lfm"/>
        <EditorIndex Value="-1"/>
        <UsageCount Value="2"/>
        <DefaultSyntaxHighlighter Value="LFM"/>
      </Unit>
      <Unit>
        <Filename Value="src/aboutfrm.lfm"/>
        <EditorIndex Value="-1"/>
        <CursorPos X="32" Y="10"/>
        <UsageCount Value="6"/>
        <DefaultSyntaxHighlighter Value="LFM"/>
      </Unit>
      <Unit>
        <Filename Value="src/vpsvgreader.pas"/>
        <IsPartOfProject Value="True"/>
        <EditorIndex Value="9"/>
        <CursorPos X="61" Y="42"/>
        <UsageCount Value="200"/>
        <Loaded Value="True"/>
      </Unit>
      <Unit>
        <Filename Value="src/vpdriverthread.pas"/>
        <EditorIndex Value="-1"/>
        <TopLine Value="9"/>
        <CursorPos Y="35"/>
        <UsageCount Value="77"/>
      </Unit>
      <Unit>
        <Filename Value="usr/share/fpcsrc/3.0.4/packages/hash/src/sha1.pp"/>
        <EditorIndex Value="-1"/>
        <TopLine Value="31"/>
        <CursorPos X="19" Y="49"/>
        <UsageCount Value="4"/>
      </Unit>
      <Unit>
        <Filename Value="src/vpsrvsetting.pas"/>
        <EditorIndex Value="-1"/>
        <TopLine Value="12"/>
        <CursorPos Y="51"/>
        <UsageCount Value="6"/>
      </Unit>
      <Unit>
        <Filename Value="../../.lazarus/onlinepackagemanager/packages/lnet/lib/lnet.pp"/>
        <UnitName Value="lNet"/>
        <EditorIndex Value="-1"/>
        <TopLine Value="366"/>
        <CursorPos X="14" Y="380"/>
        <UsageCount Value="3"/>
      </Unit>
      <Unit>
        <Filename Value="usr/share/fpcsrc/3.0.4/packages/zlib/src/zlib.pp"/>
        <EditorIndex Value="-1"/>
        <TopLine Value="886"/>
        <UsageCount Value="3"/>
      </Unit>
      <Unit>
        <Filename Value="usr/share/fpcsrc/3.0.4/packages/paszlib/src/paszlib.pas"/>
        <EditorIndex Value="-1"/>
        <UsageCount Value="3"/>
      </Unit>
      <Unit>
        <Filename Value="usr/share/fpcsrc/3.0.4/packages/paszlib/src/zstream.pp"/>
        <EditorIndex Value="-1"/>
        <TopLine Value="8"/>
        <CursorPos X="16" Y="35"/>
        <UsageCount Value="3"/>
      </Unit>
      <Unit>
        <Filename Value="usr/share/fpcsrc/3.0.4/rtl/objpas/classes/streams.inc"/>
        <EditorIndex Value="-1"/>
        <TopLine Value="620"/>
        <CursorPos X="3" Y="608"/>
        <UsageCount Value="3"/>
      </Unit>
      <Unit>
        <Filename Value="../lazarus/lcl/forms.pp"/>
        <UnitName Value="Forms"/>
        <EditorIndex Value="-1"/>
        <TopLine Value="1458"/>
        <CursorPos X="15" Y="1480"/>
        <UsageCount Value="3"/>
      </Unit>
      <Unit>
        <Filename Value="src/importfrm.pas"/>
        <IsPartOfProject Value="True"/>
        <ComponentName Value="importform"/>
        <HasResources Value="True"/>
        <ResourceBaseClass Value="Form"/>
        <EditorIndex Value="11"/>
        <CursorPos X="69" Y="7"/>
        <UsageCount Value="200"/>
        <Loaded Value="True"/>
      </Unit>
      <Unit>
        <Filename Value="src/vpsketcher.pas"/>
        <EditorIndex Value="6"/>
        <TopLine Value="299"/>
        <CursorPos X="103" Y="339"/>
        <UsageCount Value="100"/>
        <Loaded Value="True"/>
      </Unit>
      <Unit>
        <Filename Value="src/sketcherfrm.lfm"/>
        <ComponentName Value="sketcherform"/>
        <HasResources Value="True"/>
        <ResourceBaseClass Value="Form"/>
        <EditorIndex Value="-1"/>
        <CursorPos X="41" Y="7"/>
        <UsageCount Value="3"/>
        <DefaultSyntaxHighlighter Value="LFM"/>
      </Unit>
      <Unit>
        <Filename Value="src/mainfrm.pas"/>
        <IsPartOfProject Value="True"/>
        <ComponentName Value="tmainform"/>
        <HasResources Value="True"/>
        <ResourceBaseClass Value="Form"/>
        <IsVisibleTab Value="True"/>
        <EditorIndex Value="7"/>
        <TopLine Value="450"/>
        <CursorPos X="48" Y="470"/>
        <UsageCount Value="200"/>
        <Loaded Value="True"/>
        <LoadedDesigner Value="True"/>
      </Unit>
      <Unit>
        <Filename Value="src/importfrm.lfm"/>
        <ComponentName Value="importform"/>
        <HasResources Value="True"/>
        <ResourceBaseClass Value="Form"/>
        <EditorIndex Value="-1"/>
        <CursorPos X="84" Y="16"/>
        <UsageCount Value="4"/>
        <DefaultSyntaxHighlighter Value="LFM"/>
      </Unit>
      <Unit>
        <Filename Value="usr/share/fpcsrc/3.0.4/rtl/objpas/sysutils/sysstrh.inc"/>
        <EditorIndex Value="-1"/>
        <TopLine Value="149"/>
        <CursorPos X="10" Y="171"/>
        <UsageCount Value="7"/>
      </Unit>
      <Unit>
        <Filename Value="usr/share/fpcsrc/3.0.4/packages/numlib/src/numlib.pas"/>
        <UnitName Value="NumLib"/>
        <EditorIndex Value="-1"/>
        <TopLine Value="12"/>
        <UsageCount Value="10"/>
      </Unit>
      <Unit>
        <Filename Value="usr/share/fpcsrc/3.0.4/packages/numlib/src/typ.pas"/>
        <EditorIndex Value="-1"/>
        <TopLine Value="154"/>
        <UsageCount Value="10"/>
      </Unit>
      <Unit>
        <Filename Value="usr/share/fpcsrc/3.0.4/packages/rtl-extra/src/inc/matrix.pp"/>
        <EditorIndex Value="-1"/>
        <TopLine Value="84"/>
        <CursorPos X="26" Y="107"/>
        <UsageCount Value="3"/>
      </Unit>
      <Unit>
        <Filename Value="FPC/3.0.4/source/rtl/inc/mathh.inc"/>
        <EditorIndex Value="-1"/>
        <TopLine Value="78"/>
        <CursorPos X="14" Y="91"/>
        <UsageCount Value="4"/>
      </Unit>
      <Unit>
        <Filename Value="src/propertiesfrm.lfm"/>
        <EditorIndex Value="-1"/>
        <UsageCount Value="4"/>
        <DefaultSyntaxHighlighter Value="LFM"/>
      </Unit>
      <Unit>
        <Filename Value="src/layoutfrm.pas"/>
        <ComponentName Value="layoutform"/>
        <HasResources Value="True"/>
        <ResourceBaseClass Value="Form"/>
        <EditorIndex Value="-1"/>
        <TopLine Value="36"/>
        <CursorPos X="87" Y="77"/>
        <UsageCount Value="13"/>
      </Unit>
      <Unit>
        <Filename Value="FPC/3.0.4/source/rtl/objpas/math.pp"/>
        <EditorIndex Value="-1"/>
        <TopLine Value="308"/>
        <CursorPos X="10" Y="326"/>
        <UsageCount Value="4"/>
      </Unit>
      <Unit>
        <Filename Value="FPC/3.0.4/source/rtl/objpas/classes/classesh.inc"/>
        <EditorIndex Value="-1"/>
        <CursorPos X="4" Y="28"/>
        <UsageCount Value="4"/>
      </Unit>
      <Unit>
        <Filename Value="FPC/3.0.4/source/rtl/inc/typshrdh.inc"/>
        <EditorIndex Value="-1"/>
        <TopLine Value="129"/>
        <CursorPos X="19" Y="158"/>
        <UsageCount Value="6"/>
      </Unit>
      <Unit>
        <Filename Value="../lazarus/lcl/lclintf.pas"/>
        <UnitName Value="LCLIntf"/>
        <EditorIndex Value="-1"/>
        <UsageCount Value="4"/>
      </Unit>
      <Unit>
        <Filename Value="src/vpsetup.pas"/>
        <EditorIndex Value="-1"/>
        <CursorPos Y="31"/>
        <UsageCount Value="9"/>
      </Unit>
      <Unit>
        <Filename Value="src/setupfrm.pas"/>
        <ComponentName Value="setupform"/>
        <HasResources Value="True"/>
        <ResourceBaseClass Value="Form"/>
        <EditorIndex Value="-1"/>
        <CursorPos X="5" Y="181"/>
        <UsageCount Value="11"/>
      </Unit>
      <Unit>
        <Filename Value="src/adxl345.pas"/>
        <EditorIndex Value="-1"/>
        <TopLine Value="7"/>
        <CursorPos X="30" Y="27"/>
        <UsageCount Value="11"/>
      </Unit>
      <Unit>
        <Filename Value="src/sw420.pas"/>
        <EditorIndex Value="-1"/>
        <CursorPos X="43" Y="17"/>
        <UsageCount Value="2"/>
      </Unit>
      <Unit>
        <Filename Value="src/vpserial.pas"/>
        <EditorIndex Value="3"/>
        <CursorPos X="38" Y="155"/>
        <UsageCount Value="100"/>
        <Loaded Value="True"/>
      </Unit>
      <Unit>
        <Filename Value="../../.lazarus/onlinepackagemanager/packages/LazSerial/lazserial.pas"/>
        <UnitName Value="LazSerial"/>
        <EditorIndex Value="-1"/>
        <CursorPos X="54" Y="156"/>
        <UsageCount Value="10"/>
      </Unit>
      <Unit>
        <Filename Value="../../.lazarus/onlinepackagemanager/packages/LazSerial/lazsynaser.pas"/>
        <UnitName Value="LazSynaSer"/>
        <EditorIndex Value="-1"/>
        <TopLine Value="625"/>
        <UsageCount Value="7"/>
      </Unit>
      <Unit>
        <Filename Value="usr/share/fpcsrc/3.0.4/packages/rtl-extra/src/unix/serial.pp"/>
        <UnitName Value="Serial"/>
        <EditorIndex Value="-1"/>
        <CursorPos X="42" Y="10"/>
        <UsageCount Value="6"/>
      </Unit>
      <Unit>
        <Filename Value="usr/share/fpcsrc/3.0.4/rtl/unix/tthread.inc"/>
        <EditorIndex Value="-1"/>
        <TopLine Value="232"/>
        <CursorPos X="3" Y="234"/>
        <UsageCount Value="7"/>
      </Unit>
      <Unit>
        <Filename Value="usr/share/fpcsrc/3.0.4/rtl/objpas/classes/classes.inc"/>
        <EditorIndex Value="-1"/>
        <TopLine Value="235"/>
        <CursorPos X="3" Y="252"/>
        <UsageCount Value="7"/>
      </Unit>
      <Unit>
        <Filename Value="usr/share/fpcsrc/3.0.4/packages/fcl-image/src/fpimage.inc"/>
        <EditorIndex Value="-1"/>
        <TopLine Value="333"/>
        <CursorPos X="19" Y="337"/>
        <UsageCount Value="4"/>
      </Unit>
      <Unit>
        <Filename Value="C:/FPC/3.0.4/source/packages/rtl-extra/src/win/serial.pp"/>
        <UnitName Value="Serial"/>
        <EditorIndex Value="-1"/>
        <TopLine Value="77"/>
        <CursorPos X="24" Y="102"/>
        <UsageCount Value="3"/>
      </Unit>
      <Unit>
        <Filename Value="src/vputils.pas"/>
        <IsPartOfProject Value="True"/>
        <EditorIndex Value="4"/>
        <CursorPos X="47" Y="11"/>
        <UsageCount Value="178"/>
        <Loaded Value="True"/>
      </Unit>
      <Unit>
        <Filename Value="C:/FPC/3.0.4/source/rtl/inc/objpash.inc"/>
        <EditorIndex Value="-1"/>
        <TopLine Value="180"/>
        <CursorPos X="23" Y="194"/>
        <UsageCount Value="7"/>
      </Unit>
      <Unit>
        <Filename Value="C:/FPC/3.0.4/source/rtl/win/wininc/redef.inc"/>
        <EditorIndex Value="-1"/>
        <TopLine Value="121"/>
        <CursorPos X="3" Y="21"/>
        <UsageCount Value="10"/>
      </Unit>
      <Unit>
        <Filename Value="C:/FPC/3.0.4/source/rtl/win/wininc/func.inc"/>
        <EditorIndex Value="-1"/>
        <TopLine Value="161"/>
        <CursorPos X="10" Y="180"/>
        <UsageCount Value="10"/>
      </Unit>
      <Unit>
        <Filename Value="C:/FPC/3.0.4/source/rtl/win/wininc/struct.inc"/>
        <EditorIndex Value="-1"/>
        <TopLine Value="802"/>
        <CursorPos X="6" Y="802"/>
        <UsageCount Value="10"/>
      </Unit>
      <Unit>
        <Filename Value="C:/FPC/3.0.4/source/rtl/objpas/classes/classesh.inc"/>
        <EditorIndex Value="-1"/>
        <TopLine Value="948"/>
        <CursorPos X="14" Y="968"/>
        <UsageCount Value="6"/>
      </Unit>
      <Unit>
        <Filename Value="C:/FPC/3.0.4/source/rtl/inc/systemh.inc"/>
        <EditorIndex Value="-1"/>
        <TopLine Value="722"/>
        <CursorPos X="11" Y="741"/>
        <UsageCount Value="5"/>
      </Unit>
      <Unit>
        <Filename Value="/usr/share/fpcsrc/3.0.4/rtl/objpas/classes/classesh.inc"/>
        <EditorIndex Value="-1"/>
        <TopLine Value="1670"/>
        <CursorPos X="26" Y="1688"/>
        <UsageCount Value="9"/>
      </Unit>
      <Unit>
        <Filename Value="/usr/share/fpcsrc/3.0.4/rtl/objpas/classes/classes.inc"/>
        <EditorIndex Value="-1"/>
        <TopLine Value="600"/>
        <CursorPos X="3" Y="602"/>
        <UsageCount Value="9"/>
      </Unit>
      <Unit>
        <Filename Value="/usr/share/fpcsrc/3.0.4/rtl/objpas/sysutils/osutilsh.inc"/>
        <EditorIndex Value="-1"/>
        <CursorPos X="16" Y="30"/>
        <UsageCount Value="9"/>
      </Unit>
      <Unit>
        <Filename Value="/usr/share/fpcsrc/3.0.4/rtl/unix/sysutils.pp"/>
        <EditorIndex Value="-1"/>
        <TopLine Value="1435"/>
        <CursorPos X="140" Y="1467"/>
        <UsageCount Value="9"/>
      </Unit>
      <Unit>
        <Filename Value="/usr/share/fpcsrc/3.0.4/rtl/unix/bunxh.inc"/>
        <EditorIndex Value="-1"/>
        <TopLine Value="75"/>
        <CursorPos X="15" Y="98"/>
        <UsageCount Value="10"/>
      </Unit>
      <Unit>
        <Filename Value="/usr/share/fpcsrc/3.0.4/packages/rtl-extra/src/unix/serial.pp"/>
        <UnitName Value="Serial"/>
        <EditorIndex Value="-1"/>
        <TopLine Value="288"/>
        <CursorPos X="3" Y="330"/>
        <UsageCount Value="10"/>
      </Unit>
      <Unit>
        <Filename Value="/usr/share/fpcsrc/3.0.4/packages/rtl-objpas/src/inc/dateutil.inc"/>
        <EditorIndex Value="-1"/>
        <TopLine Value="243"/>
        <CursorPos X="10" Y="263"/>
        <UsageCount Value="10"/>
      </Unit>
      <Unit>
        <Filename Value="/usr/share/fpcsrc/3.0.4/rtl/unix/baseunix.pp"/>
        <UnitName Value="BaseUnix"/>
        <EditorIndex Value="-1"/>
        <TopLine Value="49"/>
        <UsageCount Value="11"/>
      </Unit>
      <Unit>
        <Filename Value="/usr/share/fpcsrc/3.0.4/rtl/unix/aliasptp.inc"/>
        <EditorIndex Value="-1"/>
        <TopLine Value="8"/>
        <CursorPos X="5" Y="26"/>
        <UsageCount Value="10"/>
      </Unit>
      <Unit>
        <Filename Value="../lazarus/lcl/stdctrls.pp"/>
        <UnitName Value="StdCtrls"/>
        <EditorIndex Value="-1"/>
        <TopLine Value="386"/>
        <CursorPos X="14" Y="405"/>
        <UsageCount Value="10"/>
      </Unit>
      <Unit>
        <Filename Value="/usr/share/fpcsrc/3.0.4/rtl/unix/bunxovlh.inc"/>
        <EditorIndex Value="-1"/>
        <CursorPos X="112" Y="28"/>
        <UsageCount Value="10"/>
      </Unit>
    </Units>
    <JumpHistory HistoryIndex="29">
      <Position>
        <Filename Value="src/mainfrm.pas"/>
        <Caret Line="419" TopLine="397"/>
      </Position>
      <Position>
        <Filename Value="src/vpserial.pas"/>
        <Caret Line="227" Column="9" TopLine="136"/>
      </Position>
      <Position>
        <Filename Value="src/vpserial.pas"/>
        <Caret Line="187" Column="61" TopLine="172"/>
      </Position>
      <Position>
        <Filename Value="src/vpserial.pas"/>
        <Caret Line="29" Column="48" TopLine="9"/>
      </Position>
      <Position>
        <Filename Value="src/vpserial.pas"/>
        <Caret Line="33" Column="57"/>
      </Position>
      <Position>
        <Filename Value="src/vpserial.pas"/>
        <Caret Line="185" Column="11" TopLine="165"/>
      </Position>
      <Position>
        <Filename Value="src/vpserial.pas"/>
        <Caret Line="192" Column="40" TopLine="171"/>
      </Position>
      <Position>
        <Filename Value="src/vpserial.pas"/>
        <Caret Line="179" Column="105" TopLine="164"/>
      </Position>
      <Position>
        <Filename Value="src/vpserial.pas"/>
        <Caret Line="199" Column="42" TopLine="180"/>
      </Position>
      <Position>
        <Filename Value="src/vpserial.pas"/>
        <Caret Line="145" Column="18" TopLine="133"/>
      </Position>
      <Position>
        <Filename Value="src/mainfrm.pas"/>
        <Caret Line="223" Column="28" TopLine="183"/>
      </Position>
      <Position>
        <Filename Value="src/mainfrm.pas"/>
        <Caret Line="431" Column="12" TopLine="353"/>
      </Position>
      <Position>
        <Filename Value="src/vpserial.pas"/>
        <Caret Line="29" Column="48" TopLine="29"/>
      </Position>
      <Position>
        <Filename Value="src/mainfrm.pas"/>
        <Caret Line="426" Column="3" TopLine="364"/>
      </Position>
      <Position>
        <Filename Value="src/mainfrm.pas"/>
        <Caret Line="432" Column="7" TopLine="364"/>
      </Position>
      <Position>
        <Filename Value="src/mainfrm.pas"/>
        <Caret Line="426" Column="17" TopLine="397"/>
      </Position>
      <Position>
        <Filename Value="src/mainfrm.pas"/>
        <Caret Line="427" Column="3" TopLine="397"/>
      </Position>
      <Position>
        <Filename Value="src/vpserial.pas"/>
        <Caret Line="58" Column="43" TopLine="36"/>
      </Position>
      <Position>
        <Filename Value="src/vpserial.pas"/>
        <Caret Line="170" Column="32" TopLine="142"/>
      </Position>
      <Position>
        <Filename Value="src/vpserial.pas"/>
        <Caret Line="174" Column="11" TopLine="142"/>
      </Position>
      <Position>
        <Filename Value="src/vpserial.pas"/>
        <Caret Line="179" Column="68" TopLine="144"/>
      </Position>
      <Position>
        <Filename Value="src/mainfrm.pas"/>
        <Caret Line="420" TopLine="364"/>
      </Position>
      <Position>
        <Filename Value="src/mainfrm.pas"/>
        <Caret Line="196" Column="39" TopLine="182"/>
      </Position>
      <Position>
        <Filename Value="src/vpsetting.pas"/>
        <Caret Line="99" Column="57" TopLine="80"/>
      </Position>
      <Position>
        <Filename Value="src/vpsetting.pas"/>
        <Caret Line="161" Column="16" TopLine="142"/>
      </Position>
      <Position>
        <Filename Value="src/vpdriver.pas"/>
        <Caret Line="46" Column="26" TopLine="23"/>
      </Position>
      <Position>
        <Filename Value="src/vpdriver.pas"/>
        <Caret Line="375" Column="32" TopLine="355"/>
      </Position>
      <Position>
        <Filename Value="src/mainfrm.pas"/>
        <Caret Line="189" Column="54" TopLine="169"/>
      </Position>
      <Position>
        <Filename Value="src/mainfrm.pas"/>
        <Caret Line="389" Column="3" TopLine="304"/>
      </Position>
      <Position>
        <Filename Value="src/mainfrm.pas"/>
        <Caret Line="470" Column="46" TopLine="447"/>
      </Position>
    </JumpHistory>
  </ProjectOptions>
  <CompilerOptions>
    <Version Value="11"/>
    <Target>
      <Filename Value="build/$(TargetCPU)-$(TargetOS)/bin/vplot"/>
    </Target>
    <SearchPaths>
      <IncludeFiles Value="$(ProjOutDir);src"/>
      <OtherUnitFiles Value="src"/>
      <UnitOutputDirectory Value="build/$(TargetCPU)-$(TargetOS)/lib"/>
    </SearchPaths>
    <Parsing>
      <SyntaxOptions>
        <CStyleOperator Value="False"/>
        <AllowLabel Value="False"/>
        <CPPInline Value="False"/>
        <UseAnsiStrings Value="False"/>
      </SyntaxOptions>
    </Parsing>
    <CodeGeneration>
      <SmartLinkUnit Value="True"/>
      <Optimizations>
        <OptimizationLevel Value="4"/>
      </Optimizations>
    </CodeGeneration>
    <Linking>
      <Debugging>
        <GenerateDebugInfo Value="False"/>
        <UseLineInfoUnit Value="False"/>
      </Debugging>
      <LinkSmart Value="True"/>
      <Options>
        <Win32>
          <GraphicApplication Value="True"/>
        </Win32>
      </Options>
    </Linking>
  </CompilerOptions>
  <Debugging>
    <Watches>
      <Item>
        <Expression Value="caption"/>
      </Item>
      <Item>
        <Expression Value="transform"/>
      </Item>
    </Watches>
    <Exceptions>
      <Item>
        <Name Value="EAbort"/>
      </Item>
      <Item>
        <Name Value="ECodetoolError"/>
      </Item>
      <Item>
        <Name Value="EFOpenError"/>
      </Item>
      <Item>
        <Name Value="EListError"/>
      </Item>
      <Item>
        <Name Value="EReadError"/>
      </Item>
    </Exceptions>
  </Debugging>
</CONFIG>
